
Microsoft Visual Studio Solution File, Format Version 12.00
# Visual Studio Version 16
VisualStudioVersion = 16.0.32228.343
MinimumVisualStudioVersion = 10.0.40219.1
Project("{FAE04EC0-301F-11D3-BF4B-00C04F79EFBC}") = "BookCatalog", "BookCatalog\BookCatalog.csproj", "{6E16E9C8-6867-428F-9928-C94C24D018D8}"
EndProject
Global
	GlobalSection(SolutionConfigurationPlatforms) = preSolution
		Debug|Any CPU = Debug|Any CPU
		Release|Any CPU = Release|Any CPU
	EndGlobalSection
	GlobalSection(ProjectConfigurationPlatforms) = postSolution
		{6E16E9C8-6867-428F-9928-C94C24D018D8}.Debug|Any CPU.ActiveCfg = Debug|Any CPU
		{6E16E9C8-6867-428F-9928-C94C24D018D8}.Debug|Any CPU.Build.0 = Debug|Any CPU
		{6E16E9C8-6867-428F-9928-C94C24D018D8}.Release|Any CPU.ActiveCfg = Release|Any CPU
		{6E16E9C8-6867-428F-9928-C94C24D018D8}.Release|Any CPU.Build.0 = Release|Any CPU
	EndGlobalSection
	GlobalSection(SolutionProperties) = preSolution
		HideSolutionNode = FALSE
	EndGlobalSection
	GlobalSection(ExtensibilityGlobals) = postSolution
		SolutionGuid = {BA149A9D-BFEB-447E-858E-5746544D65C1}
	EndGlobalSection
EndGlobal
